
Microsoft Visual Studio Solution File, Format Version 12.00
# Visual Studio Version 16
VisualStudioVersion = 16.0.30114.105
MinimumVisualStudioVersion = 10.0.40219.1
Project("{2150E333-8FDC-42A3-9474-1A3956D46DE8}") = "src", "src", "{2B05A1B7-67DA-4AE9-9D6C-D6717935C405}"
EndProject
Project("{FAE04EC0-301F-11D3-BF4B-00C04F79EFBC}") = "Application", "src\Application\Application.csproj", "{E89F23FC-5FF2-4C22-85D0-5FB982F6DFC9}"
EndProject
Project("{FAE04EC0-301F-11D3-BF4B-00C04F79EFBC}") = "Contracts", "src\Contracts\Contracts.csproj", "{8FBA8011-97BD-4675-B474-FACFD1433783}"
EndProject
Project("{FAE04EC0-301F-11D3-BF4B-00C04F79EFBC}") = "Domain", "src\Domain\Domain.csproj", "{3069C57B-03BA-4786-BC8D-E441BB9669B3}"
EndProject
Project("{FAE04EC0-301F-11D3-BF4B-00C04F79EFBC}") = "Infrastructure", "src\Infrastructure\Infrastructure.csproj", "{945396EB-8DDB-4AB3-88A9-C94A373D2AAB}"
EndProject
Project("{FAE04EC0-301F-11D3-BF4B-00C04F79EFBC}") = "RecordAPI", "src\RecordAPI\RecordAPI.csproj", "{DF124460-7175-4F27-89C3-2D35AB5660DF}"
EndProject
Global
	GlobalSection(SolutionConfigurationPlatforms) = preSolution
		Debug|Any CPU = Debug|Any CPU
		Debug|x64 = Debug|x64
		Debug|x86 = Debug|x86
		Release|Any CPU = Release|Any CPU
		Release|x64 = Release|x64
		Release|x86 = Release|x86
	EndGlobalSection
	GlobalSection(SolutionProperties) = preSolution
		HideSolutionNode = FALSE
	EndGlobalSection
	GlobalSection(ProjectConfigurationPlatforms) = postSolution
		{E89F23FC-5FF2-4C22-85D0-5FB982F6DFC9}.Debug|Any CPU.ActiveCfg = Debug|Any CPU
		{E89F23FC-5FF2-4C22-85D0-5FB982F6DFC9}.Debug|Any CPU.Build.0 = Debug|Any CPU
		{E89F23FC-5FF2-4C22-85D0-5FB982F6DFC9}.Debug|x64.ActiveCfg = Debug|Any CPU
		{E89F23FC-5FF2-4C22-85D0-5FB982F6DFC9}.Debug|x64.Build.0 = Debug|Any CPU
		{E89F23FC-5FF2-4C22-85D0-5FB982F6DFC9}.Debug|x86.ActiveCfg = Debug|Any CPU
		{E89F23FC-5FF2-4C22-85D0-5FB982F6DFC9}.Debug|x86.Build.0 = Debug|Any CPU
		{E89F23FC-5FF2-4C22-85D0-5FB982F6DFC9}.Release|Any CPU.ActiveCfg = Release|Any CPU
		{E89F23FC-5FF2-4C22-85D0-5FB982F6DFC9}.Release|Any CPU.Build.0 = Release|Any CPU
		{E89F23FC-5FF2-4C22-85D0-5FB982F6DFC9}.Release|x64.ActiveCfg = Release|Any CPU
		{E89F23FC-5FF2-4C22-85D0-5FB982F6DFC9}.Release|x64.Build.0 = Release|Any CPU
		{E89F23FC-5FF2-4C22-85D0-5FB982F6DFC9}.Release|x86.ActiveCfg = Release|Any CPU
		{E89F23FC-5FF2-4C22-85D0-5FB982F6DFC9}.Release|x86.Build.0 = Release|Any CPU
		{8FBA8011-97BD-4675-B474-FACFD1433783}.Debug|Any CPU.ActiveCfg = Debug|Any CPU
		{8FBA8011-97BD-4675-B474-FACFD1433783}.Debug|Any CPU.Build.0 = Debug|Any CPU
		{8FBA8011-97BD-4675-B474-FACFD1433783}.Debug|x64.ActiveCfg = Debug|Any CPU
		{8FBA8011-97BD-4675-B474-FACFD1433783}.Debug|x64.Build.0 = Debug|Any CPU
		{8FBA8011-97BD-4675-B474-FACFD1433783}.Debug|x86.ActiveCfg = Debug|Any CPU
		{8FBA8011-97BD-4675-B474-FACFD1433783}.Debug|x86.Build.0 = Debug|Any CPU
		{8FBA8011-97BD-4675-B474-FACFD1433783}.Release|Any CPU.ActiveCfg = Release|Any CPU
		{8FBA8011-97BD-4675-B474-FACFD1433783}.Release|Any CPU.Build.0 = Release|Any CPU
		{8FBA8011-97BD-4675-B474-FACFD1433783}.Release|x64.ActiveCfg = Release|Any CPU
		{8FBA8011-97BD-4675-B474-FACFD1433783}.Release|x64.Build.0 = Release|Any CPU
		{8FBA8011-97BD-4675-B474-FACFD1433783}.Release|x86.ActiveCfg = Release|Any CPU
		{8FBA8011-97BD-4675-B474-FACFD1433783}.Release|x86.Build.0 = Release|Any CPU
		{3069C57B-03BA-4786-BC8D-E441BB9669B3}.Debug|Any CPU.ActiveCfg = Debug|Any CPU
		{3069C57B-03BA-4786-BC8D-E441BB9669B3}.Debug|Any CPU.Build.0 = Debug|Any CPU
		{3069C57B-03BA-4786-BC8D-E441BB9669B3}.Debug|x64.ActiveCfg = Debug|Any CPU
		{3069C57B-03BA-4786-BC8D-E441BB9669B3}.Debug|x64.Build.0 = Debug|Any CPU
		{3069C57B-03BA-4786-BC8D-E441BB9669B3}.Debug|x86.ActiveCfg = Debug|Any CPU
		{3069C57B-03BA-4786-BC8D-E441BB9669B3}.Debug|x86.Build.0 = Debug|Any CPU
		{3069C57B-03BA-4786-BC8D-E441BB9669B3}.Release|Any CPU.ActiveCfg = Release|Any CPU
		{3069C57B-03BA-4786-BC8D-E441BB9669B3}.Release|Any CPU.Build.0 = Release|Any CPU
		{3069C57B-03BA-4786-BC8D-E441BB9669B3}.Release|x64.ActiveCfg = Release|Any CPU
		{3069C57B-03BA-4786-BC8D-E441BB9669B3}.Release|x64.Build.0 = Release|Any CPU
		{3069C57B-03BA-4786-BC8D-E441BB9669B3}.Release|x86.ActiveCfg = Release|Any CPU
		{3069C57B-03BA-4786-BC8D-E441BB9669B3}.Release|x86.Build.0 = Release|Any CPU
		{945396EB-8DDB-4AB3-88A9-C94A373D2AAB}.Debug|Any CPU.ActiveCfg = Debug|Any CPU
		{945396EB-8DDB-4AB3-88A9-C94A373D2AAB}.Debug|Any CPU.Build.0 = Debug|Any CPU
		{945396EB-8DDB-4AB3-88A9-C94A373D2AAB}.Debug|x64.ActiveCfg = Debug|Any CPU
		{945396EB-8DDB-4AB3-88A9-C94A373D2AAB}.Debug|x64.Build.0 = Debug|Any CPU
		{945396EB-8DDB-4AB3-88A9-C94A373D2AAB}.Debug|x86.ActiveCfg = Debug|Any CPU
		{945396EB-8DDB-4AB3-88A9-C94A373D2AAB}.Debug|x86.Build.0 = Debug|Any CPU
		{945396EB-8DDB-4AB3-88A9-C94A373D2AAB}.Release|Any CPU.ActiveCfg = Release|Any CPU
		{945396EB-8DDB-4AB3-88A9-C94A373D2AAB}.Release|Any CPU.Build.0 = Release|Any CPU
		{945396EB-8DDB-4AB3-88A9-C94A373D2AAB}.Release|x64.ActiveCfg = Release|Any CPU
		{945396EB-8DDB-4AB3-88A9-C94A373D2AAB}.Release|x64.Build.0 = Release|Any CPU
		{945396EB-8DDB-4AB3-88A9-C94A373D2AAB}.Release|x86.ActiveCfg = Release|Any CPU
		{945396EB-8DDB-4AB3-88A9-C94A373D2AAB}.Release|x86.Build.0 = Release|Any CPU
		{DF124460-7175-4F27-89C3-2D35AB5660DF}.Debug|Any CPU.ActiveCfg = Debug|Any CPU
		{DF124460-7175-4F27-89C3-2D35AB5660DF}.Debug|Any CPU.Build.0 = Debug|Any CPU
		{DF124460-7175-4F27-89C3-2D35AB5660DF}.Debug|x64.ActiveCfg = Debug|Any CPU
		{DF124460-7175-4F27-89C3-2D35AB5660DF}.Debug|x64.Build.0 = Debug|Any CPU
		{DF124460-7175-4F27-89C3-2D35AB5660DF}.Debug|x86.ActiveCfg = Debug|Any CPU
		{DF124460-7175-4F27-89C3-2D35AB5660DF}.Debug|x86.Build.0 = Debug|Any CPU
		{DF124460-7175-4F27-89C3-2D35AB5660DF}.Release|Any CPU.ActiveCfg = Release|Any CPU
		{DF124460-7175-4F27-89C3-2D35AB5660DF}.Release|Any CPU.Build.0 = Release|Any CPU
		{DF124460-7175-4F27-89C3-2D35AB5660DF}.Release|x64.ActiveCfg = Release|Any CPU
		{DF124460-7175-4F27-89C3-2D35AB5660DF}.Release|x64.Build.0 = Release|Any CPU
		{DF124460-7175-4F27-89C3-2D35AB5660DF}.Release|x86.ActiveCfg = Release|Any CPU
		{DF124460-7175-4F27-89C3-2D35AB5660DF}.Release|x86.Build.0 = Release|Any CPU
	EndGlobalSection
	GlobalSection(NestedProjects) = preSolution
		{E89F23FC-5FF2-4C22-85D0-5FB982F6DFC9} = {2B05A1B7-67DA-4AE9-9D6C-D6717935C405}
		{8FBA8011-97BD-4675-B474-FACFD1433783} = {2B05A1B7-67DA-4AE9-9D6C-D6717935C405}
		{3069C57B-03BA-4786-BC8D-E441BB9669B3} = {2B05A1B7-67DA-4AE9-9D6C-D6717935C405}
		{945396EB-8DDB-4AB3-88A9-C94A373D2AAB} = {2B05A1B7-67DA-4AE9-9D6C-D6717935C405}
		{DF124460-7175-4F27-89C3-2D35AB5660DF} = {2B05A1B7-67DA-4AE9-9D6C-D6717935C405}
	EndGlobalSection
EndGlobal
