
Microsoft Visual Studio Solution File, Format Version 12.00
# Visual Studio Version 16
VisualStudioVersion = 16.0.30114.105
MinimumVisualStudioVersion = 10.0.40219.1
Project("{2150E333-8FDC-42A3-9474-1A3956D46DE8}") = "src", "src", "{2321C1CA-74F5-460C-B4DB-1CD3A4D4C6B9}"
EndProject
Project("{FAE04EC0-301F-11D3-BF4B-00C04F79EFBC}") = "Application", "src\Application\Application.csproj", "{5181B89F-E0B0-486E-8CAE-2FB3FFC52086}"
EndProject
Project("{FAE04EC0-301F-11D3-BF4B-00C04F79EFBC}") = "Contracts", "src\Contracts\Contracts.csproj", "{53237681-BE64-4D35-92A1-DE8E7262A994}"
EndProject
Project("{FAE04EC0-301F-11D3-BF4B-00C04F79EFBC}") = "Domain", "src\Domain\Domain.csproj", "{9EF9B0A4-E060-40A8-9968-559223226135}"
EndProject
Project("{FAE04EC0-301F-11D3-BF4B-00C04F79EFBC}") = "Infrastructure", "src\Infrastructure\Infrastructure.csproj", "{C9C44FCA-BC1D-4ADA-96B0-6A456351533B}"
EndProject
Project("{FAE04EC0-301F-11D3-BF4B-00C04F79EFBC}") = "RecordAPI", "src\RecordAPI\RecordAPI.csproj", "{BE94A871-78FC-4019-B5B8-B2519EE659DF}"
EndProject
Global
	GlobalSection(SolutionConfigurationPlatforms) = preSolution
		Debug|Any CPU = Debug|Any CPU
		Debug|x64 = Debug|x64
		Debug|x86 = Debug|x86
		Release|Any CPU = Release|Any CPU
		Release|x64 = Release|x64
		Release|x86 = Release|x86
	EndGlobalSection
	GlobalSection(SolutionProperties) = preSolution
		HideSolutionNode = FALSE
	EndGlobalSection
	GlobalSection(ProjectConfigurationPlatforms) = postSolution
		{5181B89F-E0B0-486E-8CAE-2FB3FFC52086}.Debug|Any CPU.ActiveCfg = Debug|Any CPU
		{5181B89F-E0B0-486E-8CAE-2FB3FFC52086}.Debug|Any CPU.Build.0 = Debug|Any CPU
		{5181B89F-E0B0-486E-8CAE-2FB3FFC52086}.Debug|x64.ActiveCfg = Debug|Any CPU
		{5181B89F-E0B0-486E-8CAE-2FB3FFC52086}.Debug|x64.Build.0 = Debug|Any CPU
		{5181B89F-E0B0-486E-8CAE-2FB3FFC52086}.Debug|x86.ActiveCfg = Debug|Any CPU
		{5181B89F-E0B0-486E-8CAE-2FB3FFC52086}.Debug|x86.Build.0 = Debug|Any CPU
		{5181B89F-E0B0-486E-8CAE-2FB3FFC52086}.Release|Any CPU.ActiveCfg = Release|Any CPU
		{5181B89F-E0B0-486E-8CAE-2FB3FFC52086}.Release|Any CPU.Build.0 = Release|Any CPU
		{5181B89F-E0B0-486E-8CAE-2FB3FFC52086}.Release|x64.ActiveCfg = Release|Any CPU
		{5181B89F-E0B0-486E-8CAE-2FB3FFC52086}.Release|x64.Build.0 = Release|Any CPU
		{5181B89F-E0B0-486E-8CAE-2FB3FFC52086}.Release|x86.ActiveCfg = Release|Any CPU
		{5181B89F-E0B0-486E-8CAE-2FB3FFC52086}.Release|x86.Build.0 = Release|Any CPU
		{53237681-BE64-4D35-92A1-DE8E7262A994}.Debug|Any CPU.ActiveCfg = Debug|Any CPU
		{53237681-BE64-4D35-92A1-DE8E7262A994}.Debug|Any CPU.Build.0 = Debug|Any CPU
		{53237681-BE64-4D35-92A1-DE8E7262A994}.Debug|x64.ActiveCfg = Debug|Any CPU
		{53237681-BE64-4D35-92A1-DE8E7262A994}.Debug|x64.Build.0 = Debug|Any CPU
		{53237681-BE64-4D35-92A1-DE8E7262A994}.Debug|x86.ActiveCfg = Debug|Any CPU
		{53237681-BE64-4D35-92A1-DE8E7262A994}.Debug|x86.Build.0 = Debug|Any CPU
		{53237681-BE64-4D35-92A1-DE8E7262A994}.Release|Any CPU.ActiveCfg = Release|Any CPU
		{53237681-BE64-4D35-92A1-DE8E7262A994}.Release|Any CPU.Build.0 = Release|Any CPU
		{53237681-BE64-4D35-92A1-DE8E7262A994}.Release|x64.ActiveCfg = Release|Any CPU
		{53237681-BE64-4D35-92A1-DE8E7262A994}.Release|x64.Build.0 = Release|Any CPU
		{53237681-BE64-4D35-92A1-DE8E7262A994}.Release|x86.ActiveCfg = Release|Any CPU
		{53237681-BE64-4D35-92A1-DE8E7262A994}.Release|x86.Build.0 = Release|Any CPU
		{9EF9B0A4-E060-40A8-9968-559223226135}.Debug|Any CPU.ActiveCfg = Debug|Any CPU
		{9EF9B0A4-E060-40A8-9968-559223226135}.Debug|Any CPU.Build.0 = Debug|Any CPU
		{9EF9B0A4-E060-40A8-9968-559223226135}.Debug|x64.ActiveCfg = Debug|Any CPU
		{9EF9B0A4-E060-40A8-9968-559223226135}.Debug|x64.Build.0 = Debug|Any CPU
		{9EF9B0A4-E060-40A8-9968-559223226135}.Debug|x86.ActiveCfg = Debug|Any CPU
		{9EF9B0A4-E060-40A8-9968-559223226135}.Debug|x86.Build.0 = Debug|Any CPU
		{9EF9B0A4-E060-40A8-9968-559223226135}.Release|Any CPU.ActiveCfg = Release|Any CPU
		{9EF9B0A4-E060-40A8-9968-559223226135}.Release|Any CPU.Build.0 = Release|Any CPU
		{9EF9B0A4-E060-40A8-9968-559223226135}.Release|x64.ActiveCfg = Release|Any CPU
		{9EF9B0A4-E060-40A8-9968-559223226135}.Release|x64.Build.0 = Release|Any CPU
		{9EF9B0A4-E060-40A8-9968-559223226135}.Release|x86.ActiveCfg = Release|Any CPU
		{9EF9B0A4-E060-40A8-9968-559223226135}.Release|x86.Build.0 = Release|Any CPU
		{C9C44FCA-BC1D-4ADA-96B0-6A456351533B}.Debug|Any CPU.ActiveCfg = Debug|Any CPU
		{C9C44FCA-BC1D-4ADA-96B0-6A456351533B}.Debug|Any CPU.Build.0 = Debug|Any CPU
		{C9C44FCA-BC1D-4ADA-96B0-6A456351533B}.Debug|x64.ActiveCfg = Debug|Any CPU
		{C9C44FCA-BC1D-4ADA-96B0-6A456351533B}.Debug|x64.Build.0 = Debug|Any CPU
		{C9C44FCA-BC1D-4ADA-96B0-6A456351533B}.Debug|x86.ActiveCfg = Debug|Any CPU
		{C9C44FCA-BC1D-4ADA-96B0-6A456351533B}.Debug|x86.Build.0 = Debug|Any CPU
		{C9C44FCA-BC1D-4ADA-96B0-6A456351533B}.Release|Any CPU.ActiveCfg = Release|Any CPU
		{C9C44FCA-BC1D-4ADA-96B0-6A456351533B}.Release|Any CPU.Build.0 = Release|Any CPU
		{C9C44FCA-BC1D-4ADA-96B0-6A456351533B}.Release|x64.ActiveCfg = Release|Any CPU
		{C9C44FCA-BC1D-4ADA-96B0-6A456351533B}.Release|x64.Build.0 = Release|Any CPU
		{C9C44FCA-BC1D-4ADA-96B0-6A456351533B}.Release|x86.ActiveCfg = Release|Any CPU
		{C9C44FCA-BC1D-4ADA-96B0-6A456351533B}.Release|x86.Build.0 = Release|Any CPU
		{BE94A871-78FC-4019-B5B8-B2519EE659DF}.Debug|Any CPU.ActiveCfg = Debug|Any CPU
		{BE94A871-78FC-4019-B5B8-B2519EE659DF}.Debug|Any CPU.Build.0 = Debug|Any CPU
		{BE94A871-78FC-4019-B5B8-B2519EE659DF}.Debug|x64.ActiveCfg = Debug|Any CPU
		{BE94A871-78FC-4019-B5B8-B2519EE659DF}.Debug|x64.Build.0 = Debug|Any CPU
		{BE94A871-78FC-4019-B5B8-B2519EE659DF}.Debug|x86.ActiveCfg = Debug|Any CPU
		{BE94A871-78FC-4019-B5B8-B2519EE659DF}.Debug|x86.Build.0 = Debug|Any CPU
		{BE94A871-78FC-4019-B5B8-B2519EE659DF}.Release|Any CPU.ActiveCfg = Release|Any CPU
		{BE94A871-78FC-4019-B5B8-B2519EE659DF}.Release|Any CPU.Build.0 = Release|Any CPU
		{BE94A871-78FC-4019-B5B8-B2519EE659DF}.Release|x64.ActiveCfg = Release|Any CPU
		{BE94A871-78FC-4019-B5B8-B2519EE659DF}.Release|x64.Build.0 = Release|Any CPU
		{BE94A871-78FC-4019-B5B8-B2519EE659DF}.Release|x86.ActiveCfg = Release|Any CPU
		{BE94A871-78FC-4019-B5B8-B2519EE659DF}.Release|x86.Build.0 = Release|Any CPU
	EndGlobalSection
	GlobalSection(NestedProjects) = preSolution
		{5181B89F-E0B0-486E-8CAE-2FB3FFC52086} = {2321C1CA-74F5-460C-B4DB-1CD3A4D4C6B9}
		{53237681-BE64-4D35-92A1-DE8E7262A994} = {2321C1CA-74F5-460C-B4DB-1CD3A4D4C6B9}
		{9EF9B0A4-E060-40A8-9968-559223226135} = {2321C1CA-74F5-460C-B4DB-1CD3A4D4C6B9}
		{C9C44FCA-BC1D-4ADA-96B0-6A456351533B} = {2321C1CA-74F5-460C-B4DB-1CD3A4D4C6B9}
		{BE94A871-78FC-4019-B5B8-B2519EE659DF} = {2321C1CA-74F5-460C-B4DB-1CD3A4D4C6B9}
	EndGlobalSection
EndGlobal
