
Microsoft Visual Studio Solution File, Format Version 12.00
# Visual Studio Version 16
VisualStudioVersion = 16.0.30114.105
MinimumVisualStudioVersion = 10.0.40219.1
Project("{2150E333-8FDC-42A3-9474-1A3956D46DE8}") = "src", "src", "{AB314648-540B-4C4F-A40A-47CB4E3AA612}"
EndProject
Project("{9A19103F-16F7-4668-BE54-9A1E7A4F7556}") = "Domain", "src\Domain\Domain.csproj", "{44438308-E840-4FFB-B6B4-BBAA0A6F2732}"
EndProject
Project("{9A19103F-16F7-4668-BE54-9A1E7A4F7556}") = "Application", "src\Application\Application.csproj", "{10A4DDD7-3D1F-411B-A85D-C4A76BC5F07B}"
EndProject
Project("{9A19103F-16F7-4668-BE54-9A1E7A4F7556}") = "Infrastructure", "src\Infrastructure\Infrastructure.csproj", "{E5576E85-15E7-4589-86C8-C26CCDADCC96}"
EndProject
Project("{9A19103F-16F7-4668-BE54-9A1E7A4F7556}") = "ModelAPI", "src\ModelAPI\ModelAPI.csproj", "{BC5DB8A8-3F8A-4A3C-939F-209C065ED0D4}"
EndProject
Project("{9A19103F-16F7-4668-BE54-9A1E7A4F7556}") = "Contracts", "src\Contracts\Contracts.csproj", "{E30C6256-6F6A-4EAB-9D98-0ADEBE50E038}"
EndProject
Global
	GlobalSection(SolutionConfigurationPlatforms) = preSolution
		Debug|Any CPU = Debug|Any CPU
		Debug|x64 = Debug|x64
		Debug|x86 = Debug|x86
		Release|Any CPU = Release|Any CPU
		Release|x64 = Release|x64
		Release|x86 = Release|x86
	EndGlobalSection
	GlobalSection(ProjectConfigurationPlatforms) = postSolution
		{44438308-E840-4FFB-B6B4-BBAA0A6F2732}.Debug|Any CPU.ActiveCfg = Debug|Any CPU
		{44438308-E840-4FFB-B6B4-BBAA0A6F2732}.Debug|Any CPU.Build.0 = Debug|Any CPU
		{44438308-E840-4FFB-B6B4-BBAA0A6F2732}.Debug|x64.ActiveCfg = Debug|Any CPU
		{44438308-E840-4FFB-B6B4-BBAA0A6F2732}.Debug|x64.Build.0 = Debug|Any CPU
		{44438308-E840-4FFB-B6B4-BBAA0A6F2732}.Debug|x86.ActiveCfg = Debug|Any CPU
		{44438308-E840-4FFB-B6B4-BBAA0A6F2732}.Debug|x86.Build.0 = Debug|Any CPU
		{44438308-E840-4FFB-B6B4-BBAA0A6F2732}.Release|Any CPU.ActiveCfg = Release|Any CPU
		{44438308-E840-4FFB-B6B4-BBAA0A6F2732}.Release|Any CPU.Build.0 = Release|Any CPU
		{44438308-E840-4FFB-B6B4-BBAA0A6F2732}.Release|x64.ActiveCfg = Release|Any CPU
		{44438308-E840-4FFB-B6B4-BBAA0A6F2732}.Release|x64.Build.0 = Release|Any CPU
		{44438308-E840-4FFB-B6B4-BBAA0A6F2732}.Release|x86.ActiveCfg = Release|Any CPU
		{44438308-E840-4FFB-B6B4-BBAA0A6F2732}.Release|x86.Build.0 = Release|Any CPU
		{10A4DDD7-3D1F-411B-A85D-C4A76BC5F07B}.Debug|Any CPU.ActiveCfg = Debug|Any CPU
		{10A4DDD7-3D1F-411B-A85D-C4A76BC5F07B}.Debug|Any CPU.Build.0 = Debug|Any CPU
		{10A4DDD7-3D1F-411B-A85D-C4A76BC5F07B}.Debug|x64.ActiveCfg = Debug|Any CPU
		{10A4DDD7-3D1F-411B-A85D-C4A76BC5F07B}.Debug|x64.Build.0 = Debug|Any CPU
		{10A4DDD7-3D1F-411B-A85D-C4A76BC5F07B}.Debug|x86.ActiveCfg = Debug|Any CPU
		{10A4DDD7-3D1F-411B-A85D-C4A76BC5F07B}.Debug|x86.Build.0 = Debug|Any CPU
		{10A4DDD7-3D1F-411B-A85D-C4A76BC5F07B}.Release|Any CPU.ActiveCfg = Release|Any CPU
		{10A4DDD7-3D1F-411B-A85D-C4A76BC5F07B}.Release|Any CPU.Build.0 = Release|Any CPU
		{10A4DDD7-3D1F-411B-A85D-C4A76BC5F07B}.Release|x64.ActiveCfg = Release|Any CPU
		{10A4DDD7-3D1F-411B-A85D-C4A76BC5F07B}.Release|x64.Build.0 = Release|Any CPU
		{10A4DDD7-3D1F-411B-A85D-C4A76BC5F07B}.Release|x86.ActiveCfg = Release|Any CPU
		{10A4DDD7-3D1F-411B-A85D-C4A76BC5F07B}.Release|x86.Build.0 = Release|Any CPU
		{E5576E85-15E7-4589-86C8-C26CCDADCC96}.Debug|Any CPU.ActiveCfg = Debug|Any CPU
		{E5576E85-15E7-4589-86C8-C26CCDADCC96}.Debug|Any CPU.Build.0 = Debug|Any CPU
		{E5576E85-15E7-4589-86C8-C26CCDADCC96}.Debug|x64.ActiveCfg = Debug|Any CPU
		{E5576E85-15E7-4589-86C8-C26CCDADCC96}.Debug|x64.Build.0 = Debug|Any CPU
		{E5576E85-15E7-4589-86C8-C26CCDADCC96}.Debug|x86.ActiveCfg = Debug|Any CPU
		{E5576E85-15E7-4589-86C8-C26CCDADCC96}.Debug|x86.Build.0 = Debug|Any CPU
		{E5576E85-15E7-4589-86C8-C26CCDADCC96}.Release|Any CPU.ActiveCfg = Release|Any CPU
		{E5576E85-15E7-4589-86C8-C26CCDADCC96}.Release|Any CPU.Build.0 = Release|Any CPU
		{E5576E85-15E7-4589-86C8-C26CCDADCC96}.Release|x64.ActiveCfg = Release|Any CPU
		{E5576E85-15E7-4589-86C8-C26CCDADCC96}.Release|x64.Build.0 = Release|Any CPU
		{E5576E85-15E7-4589-86C8-C26CCDADCC96}.Release|x86.ActiveCfg = Release|Any CPU
		{E5576E85-15E7-4589-86C8-C26CCDADCC96}.Release|x86.Build.0 = Release|Any CPU
		{BC5DB8A8-3F8A-4A3C-939F-209C065ED0D4}.Debug|Any CPU.ActiveCfg = Debug|Any CPU
		{BC5DB8A8-3F8A-4A3C-939F-209C065ED0D4}.Debug|Any CPU.Build.0 = Debug|Any CPU
		{BC5DB8A8-3F8A-4A3C-939F-209C065ED0D4}.Debug|x64.ActiveCfg = Debug|Any CPU
		{BC5DB8A8-3F8A-4A3C-939F-209C065ED0D4}.Debug|x64.Build.0 = Debug|Any CPU
		{BC5DB8A8-3F8A-4A3C-939F-209C065ED0D4}.Debug|x86.ActiveCfg = Debug|Any CPU
		{BC5DB8A8-3F8A-4A3C-939F-209C065ED0D4}.Debug|x86.Build.0 = Debug|Any CPU
		{BC5DB8A8-3F8A-4A3C-939F-209C065ED0D4}.Release|Any CPU.ActiveCfg = Release|Any CPU
		{BC5DB8A8-3F8A-4A3C-939F-209C065ED0D4}.Release|Any CPU.Build.0 = Release|Any CPU
		{BC5DB8A8-3F8A-4A3C-939F-209C065ED0D4}.Release|x64.ActiveCfg = Release|Any CPU
		{BC5DB8A8-3F8A-4A3C-939F-209C065ED0D4}.Release|x64.Build.0 = Release|Any CPU
		{BC5DB8A8-3F8A-4A3C-939F-209C065ED0D4}.Release|x86.ActiveCfg = Release|Any CPU
		{BC5DB8A8-3F8A-4A3C-939F-209C065ED0D4}.Release|x86.Build.0 = Release|Any CPU
		{E30C6256-6F6A-4EAB-9D98-0ADEBE50E038}.Debug|Any CPU.ActiveCfg = Debug|Any CPU
		{E30C6256-6F6A-4EAB-9D98-0ADEBE50E038}.Debug|Any CPU.Build.0 = Debug|Any CPU
		{E30C6256-6F6A-4EAB-9D98-0ADEBE50E038}.Debug|x64.ActiveCfg = Debug|Any CPU
		{E30C6256-6F6A-4EAB-9D98-0ADEBE50E038}.Debug|x64.Build.0 = Debug|Any CPU
		{E30C6256-6F6A-4EAB-9D98-0ADEBE50E038}.Debug|x86.ActiveCfg = Debug|Any CPU
		{E30C6256-6F6A-4EAB-9D98-0ADEBE50E038}.Debug|x86.Build.0 = Debug|Any CPU
		{E30C6256-6F6A-4EAB-9D98-0ADEBE50E038}.Release|Any CPU.ActiveCfg = Release|Any CPU
		{E30C6256-6F6A-4EAB-9D98-0ADEBE50E038}.Release|Any CPU.Build.0 = Release|Any CPU
		{E30C6256-6F6A-4EAB-9D98-0ADEBE50E038}.Release|x64.ActiveCfg = Release|Any CPU
		{E30C6256-6F6A-4EAB-9D98-0ADEBE50E038}.Release|x64.Build.0 = Release|Any CPU
		{E30C6256-6F6A-4EAB-9D98-0ADEBE50E038}.Release|x86.ActiveCfg = Release|Any CPU
		{E30C6256-6F6A-4EAB-9D98-0ADEBE50E038}.Release|x86.Build.0 = Release|Any CPU
	EndGlobalSection
	GlobalSection(SolutionProperties) = preSolution
		HideSolutionNode = FALSE
	EndGlobalSection
	GlobalSection(NestedProjects) = preSolution
		{44438308-E840-4FFB-B6B4-BBAA0A6F2732} = {AB314648-540B-4C4F-A40A-47CB4E3AA612}
		{10A4DDD7-3D1F-411B-A85D-C4A76BC5F07B} = {AB314648-540B-4C4F-A40A-47CB4E3AA612}
		{E5576E85-15E7-4589-86C8-C26CCDADCC96} = {AB314648-540B-4C4F-A40A-47CB4E3AA612}
		{BC5DB8A8-3F8A-4A3C-939F-209C065ED0D4} = {AB314648-540B-4C4F-A40A-47CB4E3AA612}
		{E30C6256-6F6A-4EAB-9D98-0ADEBE50E038} = {AB314648-540B-4C4F-A40A-47CB4E3AA612}
	EndGlobalSection
	GlobalSection(ExtensibilityGlobals) = postSolution
		SolutionGuid = {F5643A94-9E7F-4683-950A-97A2116A09C0}
	EndGlobalSection
EndGlobal
